// !$*UTF8*$!
{
	archiveVersion = 1;
	classes = {
	};
	objectVersion = 56;
	objects = {

/* Begin PBXBuildFile section */
		D407278D2C62AA9B0038C5B0 /* Font+.swift in Sources */ = {isa = PBXBuildFile; fileRef = D407278C2C62AA9B0038C5B0 /* Font+.swift */; };
		D40727902C62AEFD0038C5B0 /* RoundedButtonStyle.swift in Sources */ = {isa = PBXBuildFile; fileRef = D407278F2C62AEFD0038C5B0 /* RoundedButtonStyle.swift */; };
		D40727932C62AFBA0038C5B0 /* View+.swift in Sources */ = {isa = PBXBuildFile; fileRef = D40727922C62AFBA0038C5B0 /* View+.swift */; };
		D40FF4352C62C5F500585691 /* Localizable.xcstrings in Resources */ = {isa = PBXBuildFile; fileRef = D40FF4342C62C5F500585691 /* Localizable.xcstrings */; };
		D40FF4372C62CBF800585691 /* LoginView.swift in Sources */ = {isa = PBXBuildFile; fileRef = D40FF4362C62CBF800585691 /* LoginView.swift */; };
		D40FF4392C62CECE00585691 /* RoundedTextFieldStyle.swift in Sources */ = {isa = PBXBuildFile; fileRef = D40FF4382C62CECE00585691 /* RoundedTextFieldStyle.swift */; };
		D40FF43B2C62EE2700585691 /* WelcomeViewModel.swift in Sources */ = {isa = PBXBuildFile; fileRef = D40FF43A2C62EE2700585691 /* WelcomeViewModel.swift */; };
		D40FF43D2C62EFA700585691 /* SignupView.swift in Sources */ = {isa = PBXBuildFile; fileRef = D40FF43C2C62EFA700585691 /* SignupView.swift */; };
		D40FF43F2C62EFE400585691 /* LoginViewModel.swift in Sources */ = {isa = PBXBuildFile; fileRef = D40FF43E2C62EFE400585691 /* LoginViewModel.swift */; };
		D462ADB62C63E5660054D73A /* SignupViewModel.swift in Sources */ = {isa = PBXBuildFile; fileRef = D462ADB52C63E5660054D73A /* SignupViewModel.swift */; };
		D462ADBA2C63E7380054D73A /* TabBarView.swift in Sources */ = {isa = PBXBuildFile; fileRef = D462ADB92C63E7380054D73A /* TabBarView.swift */; };
		D462ADBD2C63E7A40054D73A /* KitsView.swift in Sources */ = {isa = PBXBuildFile; fileRef = D462ADBC2C63E7A40054D73A /* KitsView.swift */; };
		D462ADBF2C63E7B80054D73A /* GearsView.swift in Sources */ = {isa = PBXBuildFile; fileRef = D462ADBE2C63E7B80054D73A /* GearsView.swift */; };
		D462ADC22C63E7CE0054D73A /* SettingsView.swift in Sources */ = {isa = PBXBuildFile; fileRef = D462ADC12C63E7CE0054D73A /* SettingsView.swift */; };
		D462ADC42C63EFAD0054D73A /* RoundedCardButtonStyle.swift in Sources */ = {isa = PBXBuildFile; fileRef = D462ADC32C63EFAD0054D73A /* RoundedCardButtonStyle.swift */; };
		D462ADC62C63FDC70054D73A /* NewKitView.swift in Sources */ = {isa = PBXBuildFile; fileRef = D462ADC52C63FDC70054D73A /* NewKitView.swift */; };
		D462ADC82C6422CA0054D73A /* NewKitViewModel.swift in Sources */ = {isa = PBXBuildFile; fileRef = D462ADC72C6422CA0054D73A /* NewKitViewModel.swift */; };
		D46375042C66904800EE45D1 /* MaintenanceHistoryDetailView.swift in Sources */ = {isa = PBXBuildFile; fileRef = D46375032C66904800EE45D1 /* MaintenanceHistoryDetailView.swift */; };
		D46375062C66921500EE45D1 /* MaintenanceHistoryDetailViewModel.swift in Sources */ = {isa = PBXBuildFile; fileRef = D46375052C66921500EE45D1 /* MaintenanceHistoryDetailViewModel.swift */; };
		D463750D2C66DD6F00EE45D1 /* SettingsViewModel.swift in Sources */ = {isa = PBXBuildFile; fileRef = D463750C2C66DD6F00EE45D1 /* SettingsViewModel.swift */; };
		D463750F2C66DF0000EE45D1 /* GoogleService-Info.plist in Resources */ = {isa = PBXBuildFile; fileRef = D463750E2C66DF0000EE45D1 /* GoogleService-Info.plist */; };
		D46375122C66E0D900EE45D1 /* FirebaseAnalytics in Frameworks */ = {isa = PBXBuildFile; productRef = D46375112C66E0D900EE45D1 /* FirebaseAnalytics */; };
		D46375142C66E0D900EE45D1 /* FirebaseAuth in Frameworks */ = {isa = PBXBuildFile; productRef = D46375132C66E0D900EE45D1 /* FirebaseAuth */; };
		D46375162C66E0D900EE45D1 /* FirebaseDatabase in Frameworks */ = {isa = PBXBuildFile; productRef = D46375152C66E0D900EE45D1 /* FirebaseDatabase */; };
		D46375182C66E0D900EE45D1 /* FirebaseStorage in Frameworks */ = {isa = PBXBuildFile; productRef = D46375172C66E0D900EE45D1 /* FirebaseStorage */; };
		D463751A2C66E17300EE45D1 /* AppDelegate.swift in Sources */ = {isa = PBXBuildFile; fileRef = D46375192C66E17300EE45D1 /* AppDelegate.swift */; };
		D4B298E82C5EBB2C004D32BB /* DiveBuddyApp.swift in Sources */ = {isa = PBXBuildFile; fileRef = D4B298E72C5EBB2C004D32BB /* DiveBuddyApp.swift */; };
		D4B298EA2C5EBB2C004D32BB /* WelcomeView.swift in Sources */ = {isa = PBXBuildFile; fileRef = D4B298E92C5EBB2C004D32BB /* WelcomeView.swift */; };
		D4B298EC2C5EBB2D004D32BB /* Assets.xcassets in Resources */ = {isa = PBXBuildFile; fileRef = D4B298EB2C5EBB2D004D32BB /* Assets.xcassets */; };
		D4B298EF2C5EBB2D004D32BB /* Preview Assets.xcassets in Resources */ = {isa = PBXBuildFile; fileRef = D4B298EE2C5EBB2D004D32BB /* Preview Assets.xcassets */; };
		D4B298F92C5EBB2D004D32BB /* DiveBuddyTests.swift in Sources */ = {isa = PBXBuildFile; fileRef = D4B298F82C5EBB2D004D32BB /* DiveBuddyTests.swift */; };
		D4B299032C5EBB2D004D32BB /* DiveBuddyUITests.swift in Sources */ = {isa = PBXBuildFile; fileRef = D4B299022C5EBB2D004D32BB /* DiveBuddyUITests.swift */; };
		D4B299052C5EBB2D004D32BB /* DiveBuddyUITestsLaunchTests.swift in Sources */ = {isa = PBXBuildFile; fileRef = D4B299042C5EBB2D004D32BB /* DiveBuddyUITestsLaunchTests.swift */; };
		D4C41AE62C643B7700E3C83A /* EmojiPicker in Frameworks */ = {isa = PBXBuildFile; productRef = D4C41AE52C643B7700E3C83A /* EmojiPicker */; };
		D4CC2E962C646142003EDEDE /* GearListCellView.swift in Sources */ = {isa = PBXBuildFile; fileRef = D4CC2E952C646142003EDEDE /* GearListCellView.swift */; };
		D4CC2E982C6462A7003EDEDE /* GearListCellViewModel.swift in Sources */ = {isa = PBXBuildFile; fileRef = D4CC2E972C6462A7003EDEDE /* GearListCellViewModel.swift */; };
		D4CC2E9C2C64659A003EDEDE /* KitCheckListView.swift in Sources */ = {isa = PBXBuildFile; fileRef = D4CC2E9B2C64659A003EDEDE /* KitCheckListView.swift */; };
		D4CC2E9E2C646A44003EDEDE /* KitCheckListViewModel.swift in Sources */ = {isa = PBXBuildFile; fileRef = D4CC2E9D2C646A44003EDEDE /* KitCheckListViewModel.swift */; };
		D4CC2EA02C646A87003EDEDE /* GearListCellInCheckListView.swift in Sources */ = {isa = PBXBuildFile; fileRef = D4CC2E9F2C646A87003EDEDE /* GearListCellInCheckListView.swift */; };
		D4CC2EA22C646B62003EDEDE /* GearListCellInCheckListViewModel.swift in Sources */ = {isa = PBXBuildFile; fileRef = D4CC2EA12C646B62003EDEDE /* GearListCellInCheckListViewModel.swift */; };
		D4CC2EA42C653423003EDEDE /* KitListCellView.swift in Sources */ = {isa = PBXBuildFile; fileRef = D4CC2EA32C653423003EDEDE /* KitListCellView.swift */; };
		D4CC2EA62C653CD1003EDEDE /* GearDetailView.swift in Sources */ = {isa = PBXBuildFile; fileRef = D4CC2EA52C653CD1003EDEDE /* GearDetailView.swift */; };
		D4CC2EA82C653E4D003EDEDE /* GearListCellInGearsView.swift in Sources */ = {isa = PBXBuildFile; fileRef = D4CC2EA72C653E4D003EDEDE /* GearListCellInGearsView.swift */; };
		D4CC2EAC2C6548A9003EDEDE /* GearDetailViewModel.swift in Sources */ = {isa = PBXBuildFile; fileRef = D4CC2EAB2C6548A9003EDEDE /* GearDetailViewModel.swift */; };
/* End PBXBuildFile section */

/* Begin PBXContainerItemProxy section */
		D4B298F52C5EBB2D004D32BB /* PBXContainerItemProxy */ = {
			isa = PBXContainerItemProxy;
			containerPortal = D4B298DC2C5EBB2C004D32BB /* Project object */;
			proxyType = 1;
			remoteGlobalIDString = D4B298E32C5EBB2C004D32BB;
			remoteInfo = DiveBuddy;
		};
		D4B298FF2C5EBB2D004D32BB /* PBXContainerItemProxy */ = {
			isa = PBXContainerItemProxy;
			containerPortal = D4B298DC2C5EBB2C004D32BB /* Project object */;
			proxyType = 1;
			remoteGlobalIDString = D4B298E32C5EBB2C004D32BB;
			remoteInfo = DiveBuddy;
		};
/* End PBXContainerItemProxy section */

/* Begin PBXFileReference section */
		D407278C2C62AA9B0038C5B0 /* Font+.swift */ = {isa = PBXFileReference; lastKnownFileType = sourcecode.swift; path = "Font+.swift"; sourceTree = "<group>"; };
		D407278F2C62AEFD0038C5B0 /* RoundedButtonStyle.swift */ = {isa = PBXFileReference; lastKnownFileType = sourcecode.swift; path = RoundedButtonStyle.swift; sourceTree = "<group>"; };
		D40727922C62AFBA0038C5B0 /* View+.swift */ = {isa = PBXFileReference; lastKnownFileType = sourcecode.swift; name = "View+.swift"; path = "DiveBuddy/Components/View+.swift"; sourceTree = SOURCE_ROOT; };
		D40FF4342C62C5F500585691 /* Localizable.xcstrings */ = {isa = PBXFileReference; lastKnownFileType = text.json.xcstrings; path = Localizable.xcstrings; sourceTree = "<group>"; };
		D40FF4362C62CBF800585691 /* LoginView.swift */ = {isa = PBXFileReference; lastKnownFileType = sourcecode.swift; path = LoginView.swift; sourceTree = "<group>"; };
		D40FF4382C62CECE00585691 /* RoundedTextFieldStyle.swift */ = {isa = PBXFileReference; lastKnownFileType = sourcecode.swift; path = RoundedTextFieldStyle.swift; sourceTree = "<group>"; };
		D40FF43A2C62EE2700585691 /* WelcomeViewModel.swift */ = {isa = PBXFileReference; lastKnownFileType = sourcecode.swift; path = WelcomeViewModel.swift; sourceTree = "<group>"; };
		D40FF43C2C62EFA700585691 /* SignupView.swift */ = {isa = PBXFileReference; lastKnownFileType = sourcecode.swift; path = SignupView.swift; sourceTree = "<group>"; };
		D40FF43E2C62EFE400585691 /* LoginViewModel.swift */ = {isa = PBXFileReference; lastKnownFileType = sourcecode.swift; path = LoginViewModel.swift; sourceTree = "<group>"; };
		D41F51682C62A83900BEEC1D /* Info.plist */ = {isa = PBXFileReference; lastKnownFileType = text.plist; path = Info.plist; sourceTree = "<group>"; };
		D462ADB52C63E5660054D73A /* SignupViewModel.swift */ = {isa = PBXFileReference; lastKnownFileType = sourcecode.swift; path = SignupViewModel.swift; sourceTree = "<group>"; };
		D462ADB92C63E7380054D73A /* TabBarView.swift */ = {isa = PBXFileReference; lastKnownFileType = sourcecode.swift; path = TabBarView.swift; sourceTree = "<group>"; };
		D462ADBC2C63E7A40054D73A /* KitsView.swift */ = {isa = PBXFileReference; lastKnownFileType = sourcecode.swift; path = KitsView.swift; sourceTree = "<group>"; };
		D462ADBE2C63E7B80054D73A /* GearsView.swift */ = {isa = PBXFileReference; lastKnownFileType = sourcecode.swift; path = GearsView.swift; sourceTree = "<group>"; };
		D462ADC12C63E7CE0054D73A /* SettingsView.swift */ = {isa = PBXFileReference; lastKnownFileType = sourcecode.swift; path = SettingsView.swift; sourceTree = "<group>"; };
		D462ADC32C63EFAD0054D73A /* RoundedCardButtonStyle.swift */ = {isa = PBXFileReference; lastKnownFileType = sourcecode.swift; path = RoundedCardButtonStyle.swift; sourceTree = "<group>"; };
		D462ADC52C63FDC70054D73A /* NewKitView.swift */ = {isa = PBXFileReference; lastKnownFileType = sourcecode.swift; path = NewKitView.swift; sourceTree = "<group>"; };
		D462ADC72C6422CA0054D73A /* NewKitViewModel.swift */ = {isa = PBXFileReference; lastKnownFileType = sourcecode.swift; path = NewKitViewModel.swift; sourceTree = "<group>"; };
		D46375032C66904800EE45D1 /* MaintenanceHistoryDetailView.swift */ = {isa = PBXFileReference; lastKnownFileType = sourcecode.swift; path = MaintenanceHistoryDetailView.swift; sourceTree = "<group>"; };
		D46375052C66921500EE45D1 /* MaintenanceHistoryDetailViewModel.swift */ = {isa = PBXFileReference; lastKnownFileType = sourcecode.swift; path = MaintenanceHistoryDetailViewModel.swift; sourceTree = "<group>"; };
		D463750C2C66DD6F00EE45D1 /* SettingsViewModel.swift */ = {isa = PBXFileReference; lastKnownFileType = sourcecode.swift; path = SettingsViewModel.swift; sourceTree = "<group>"; };
		D463750E2C66DF0000EE45D1 /* GoogleService-Info.plist */ = {isa = PBXFileReference; fileEncoding = 4; lastKnownFileType = text.plist.xml; path = "GoogleService-Info.plist"; sourceTree = "<group>"; };
		D46375192C66E17300EE45D1 /* AppDelegate.swift */ = {isa = PBXFileReference; lastKnownFileType = sourcecode.swift; path = AppDelegate.swift; sourceTree = "<group>"; };
		D4B298E42C5EBB2C004D32BB /* DiveBuddy.app */ = {isa = PBXFileReference; explicitFileType = wrapper.application; includeInIndex = 0; path = DiveBuddy.app; sourceTree = BUILT_PRODUCTS_DIR; };
		D4B298E72C5EBB2C004D32BB /* DiveBuddyApp.swift */ = {isa = PBXFileReference; lastKnownFileType = sourcecode.swift; path = DiveBuddyApp.swift; sourceTree = "<group>"; };
		D4B298E92C5EBB2C004D32BB /* WelcomeView.swift */ = {isa = PBXFileReference; lastKnownFileType = sourcecode.swift; path = WelcomeView.swift; sourceTree = "<group>"; };
		D4B298EB2C5EBB2D004D32BB /* Assets.xcassets */ = {isa = PBXFileReference; lastKnownFileType = folder.assetcatalog; path = Assets.xcassets; sourceTree = "<group>"; };
		D4B298EE2C5EBB2D004D32BB /* Preview Assets.xcassets */ = {isa = PBXFileReference; lastKnownFileType = folder.assetcatalog; path = "Preview Assets.xcassets"; sourceTree = "<group>"; };
		D4B298F42C5EBB2D004D32BB /* DiveBuddyTests.xctest */ = {isa = PBXFileReference; explicitFileType = wrapper.cfbundle; includeInIndex = 0; path = DiveBuddyTests.xctest; sourceTree = BUILT_PRODUCTS_DIR; };
		D4B298F82C5EBB2D004D32BB /* DiveBuddyTests.swift */ = {isa = PBXFileReference; lastKnownFileType = sourcecode.swift; path = DiveBuddyTests.swift; sourceTree = "<group>"; };
		D4B298FE2C5EBB2D004D32BB /* DiveBuddyUITests.xctest */ = {isa = PBXFileReference; explicitFileType = wrapper.cfbundle; includeInIndex = 0; path = DiveBuddyUITests.xctest; sourceTree = BUILT_PRODUCTS_DIR; };
		D4B299022C5EBB2D004D32BB /* DiveBuddyUITests.swift */ = {isa = PBXFileReference; lastKnownFileType = sourcecode.swift; path = DiveBuddyUITests.swift; sourceTree = "<group>"; };
		D4B299042C5EBB2D004D32BB /* DiveBuddyUITestsLaunchTests.swift */ = {isa = PBXFileReference; lastKnownFileType = sourcecode.swift; path = DiveBuddyUITestsLaunchTests.swift; sourceTree = "<group>"; };
		D4CC2E952C646142003EDEDE /* GearListCellView.swift */ = {isa = PBXFileReference; lastKnownFileType = sourcecode.swift; path = GearListCellView.swift; sourceTree = "<group>"; };
		D4CC2E972C6462A7003EDEDE /* GearListCellViewModel.swift */ = {isa = PBXFileReference; lastKnownFileType = sourcecode.swift; path = GearListCellViewModel.swift; sourceTree = "<group>"; };
		D4CC2E9B2C64659A003EDEDE /* KitCheckListView.swift */ = {isa = PBXFileReference; lastKnownFileType = sourcecode.swift; path = KitCheckListView.swift; sourceTree = "<group>"; };
		D4CC2E9D2C646A44003EDEDE /* KitCheckListViewModel.swift */ = {isa = PBXFileReference; lastKnownFileType = sourcecode.swift; path = KitCheckListViewModel.swift; sourceTree = "<group>"; };
		D4CC2E9F2C646A87003EDEDE /* GearListCellInCheckListView.swift */ = {isa = PBXFileReference; lastKnownFileType = sourcecode.swift; path = GearListCellInCheckListView.swift; sourceTree = "<group>"; };
		D4CC2EA12C646B62003EDEDE /* GearListCellInCheckListViewModel.swift */ = {isa = PBXFileReference; lastKnownFileType = sourcecode.swift; path = GearListCellInCheckListViewModel.swift; sourceTree = "<group>"; };
		D4CC2EA32C653423003EDEDE /* KitListCellView.swift */ = {isa = PBXFileReference; lastKnownFileType = sourcecode.swift; path = KitListCellView.swift; sourceTree = "<group>"; };
		D4CC2EA52C653CD1003EDEDE /* GearDetailView.swift */ = {isa = PBXFileReference; lastKnownFileType = sourcecode.swift; path = GearDetailView.swift; sourceTree = "<group>"; };
		D4CC2EA72C653E4D003EDEDE /* GearListCellInGearsView.swift */ = {isa = PBXFileReference; lastKnownFileType = sourcecode.swift; path = GearListCellInGearsView.swift; sourceTree = "<group>"; };
		D4CC2EAB2C6548A9003EDEDE /* GearDetailViewModel.swift */ = {isa = PBXFileReference; lastKnownFileType = sourcecode.swift; path = GearDetailViewModel.swift; sourceTree = "<group>"; };
/* End PBXFileReference section */

/* Begin PBXFrameworksBuildPhase section */
		D4B298E12C5EBB2C004D32BB /* Frameworks */ = {
			isa = PBXFrameworksBuildPhase;
			buildActionMask = 2147483647;
			files = (
				D46375122C66E0D900EE45D1 /* FirebaseAnalytics in Frameworks */,
				D46375142C66E0D900EE45D1 /* FirebaseAuth in Frameworks */,
				D46375162C66E0D900EE45D1 /* FirebaseDatabase in Frameworks */,
				D46375182C66E0D900EE45D1 /* FirebaseStorage in Frameworks */,
				D4C41AE62C643B7700E3C83A /* EmojiPicker in Frameworks */,
			);
			runOnlyForDeploymentPostprocessing = 0;
		};
		D4B298F12C5EBB2D004D32BB /* Frameworks */ = {
			isa = PBXFrameworksBuildPhase;
			buildActionMask = 2147483647;
			files = (
			);
			runOnlyForDeploymentPostprocessing = 0;
		};
		D4B298FB2C5EBB2D004D32BB /* Frameworks */ = {
			isa = PBXFrameworksBuildPhase;
			buildActionMask = 2147483647;
			files = (
			);
			runOnlyForDeploymentPostprocessing = 0;
		};
/* End PBXFrameworksBuildPhase section */

/* Begin PBXGroup section */
		D407278E2C62AEEA0038C5B0 /* Components */ = {
			isa = PBXGroup;
			children = (
				D407278F2C62AEFD0038C5B0 /* RoundedButtonStyle.swift */,
				D40FF4382C62CECE00585691 /* RoundedTextFieldStyle.swift */,
				D462ADC32C63EFAD0054D73A /* RoundedCardButtonStyle.swift */,
			);
			path = Components;
			sourceTree = "<group>";
		};
		D40727912C62AFA90038C5B0 /* Extensions */ = {
			isa = PBXGroup;
			children = (
				D407278C2C62AA9B0038C5B0 /* Font+.swift */,
				D40727922C62AFBA0038C5B0 /* View+.swift */,
			);
			path = Extensions;
			sourceTree = "<group>";
		};
		D40FF4332C62C3C700585691 /* Auth */ = {
			isa = PBXGroup;
			children = (
				D40FF4362C62CBF800585691 /* LoginView.swift */,
				D40FF43C2C62EFA700585691 /* SignupView.swift */,
				D40FF43E2C62EFE400585691 /* LoginViewModel.swift */,
				D462ADB52C63E5660054D73A /* SignupViewModel.swift */,
			);
			path = Auth;
			sourceTree = "<group>";
		};
		D41F51692C62A8D900BEEC1D /* Welcome */ = {
			isa = PBXGroup;
			children = (
				D4B298E92C5EBB2C004D32BB /* WelcomeView.swift */,
				D40FF43A2C62EE2700585691 /* WelcomeViewModel.swift */,
			);
			path = Welcome;
			sourceTree = "<group>";
		};
		D462ADB72C63E6DF0054D73A /* Kits */ = {
			isa = PBXGroup;
			children = (
				D4CC2E9A2C6464F2003EDEDE /* KitCheckList */,
				D4CC2E992C6464DD003EDEDE /* NewKit */,
				D462ADBC2C63E7A40054D73A /* KitsView.swift */,
			);
			path = Kits;
			sourceTree = "<group>";
		};
		D462ADB82C63E7280054D73A /* TabBar */ = {
			isa = PBXGroup;
			children = (
				D462ADB92C63E7380054D73A /* TabBarView.swift */,
			);
			path = TabBar;
			sourceTree = "<group>";
		};
		D462ADBB2C63E78F0054D73A /* Gears */ = {
			isa = PBXGroup;
			children = (
				D46375022C66903500EE45D1 /* MaitenanceHistory */,
				D462ADBE2C63E7B80054D73A /* GearsView.swift */,
				D4CC2EA52C653CD1003EDEDE /* GearDetailView.swift */,
				D4CC2EA72C653E4D003EDEDE /* GearListCellInGearsView.swift */,
				D4CC2EAB2C6548A9003EDEDE /* GearDetailViewModel.swift */,
			);
			path = Gears;
			sourceTree = "<group>";
		};
		D462ADC02C63E7C40054D73A /* Settings */ = {
			isa = PBXGroup;
			children = (
				D462ADC12C63E7CE0054D73A /* SettingsView.swift */,
				D463750C2C66DD6F00EE45D1 /* SettingsViewModel.swift */,
			);
			path = Settings;
			sourceTree = "<group>";
		};
		D46375022C66903500EE45D1 /* MaitenanceHistory */ = {
			isa = PBXGroup;
			children = (
				D46375032C66904800EE45D1 /* MaintenanceHistoryDetailView.swift */,
				D46375052C66921500EE45D1 /* MaintenanceHistoryDetailViewModel.swift */,
			);
			path = MaitenanceHistory;
			sourceTree = "<group>";
		};
		D4B298DB2C5EBB2C004D32BB = {
			isa = PBXGroup;
			children = (
				D4B298E62C5EBB2C004D32BB /* DiveBuddy */,
				D4B298F72C5EBB2D004D32BB /* DiveBuddyTests */,
				D4B299012C5EBB2D004D32BB /* DiveBuddyUITests */,
				D4B298E52C5EBB2C004D32BB /* Products */,
			);
			sourceTree = "<group>";
		};
		D4B298E52C5EBB2C004D32BB /* Products */ = {
			isa = PBXGroup;
			children = (
				D4B298E42C5EBB2C004D32BB /* DiveBuddy.app */,
				D4B298F42C5EBB2D004D32BB /* DiveBuddyTests.xctest */,
				D4B298FE2C5EBB2D004D32BB /* DiveBuddyUITests.xctest */,
			);
			name = Products;
			sourceTree = "<group>";
		};
		D4B298E62C5EBB2C004D32BB /* DiveBuddy */ = {
			isa = PBXGroup;
			children = (
				D463750E2C66DF0000EE45D1 /* GoogleService-Info.plist */,
				D41F51692C62A8D900BEEC1D /* Welcome */,
				D40FF4332C62C3C700585691 /* Auth */,
				D462ADB82C63E7280054D73A /* TabBar */,
				D462ADB72C63E6DF0054D73A /* Kits */,
				D462ADBB2C63E78F0054D73A /* Gears */,
				D462ADC02C63E7C40054D73A /* Settings */,
				D40727912C62AFA90038C5B0 /* Extensions */,
				D407278E2C62AEEA0038C5B0 /* Components */,
				D41F51682C62A83900BEEC1D /* Info.plist */,
				D4B298E72C5EBB2C004D32BB /* DiveBuddyApp.swift */,
				D4B298EB2C5EBB2D004D32BB /* Assets.xcassets */,
				D4B298ED2C5EBB2D004D32BB /* Preview Content */,
				D40FF4342C62C5F500585691 /* Localizable.xcstrings */,
				D46375192C66E17300EE45D1 /* AppDelegate.swift */,
			);
			path = DiveBuddy;
			sourceTree = "<group>";
		};
		D4B298ED2C5EBB2D004D32BB /* Preview Content */ = {
			isa = PBXGroup;
			children = (
				D4B298EE2C5EBB2D004D32BB /* Preview Assets.xcassets */,
			);
			path = "Preview Content";
			sourceTree = "<group>";
		};
		D4B298F72C5EBB2D004D32BB /* DiveBuddyTests */ = {
			isa = PBXGroup;
			children = (
				D4B298F82C5EBB2D004D32BB /* DiveBuddyTests.swift */,
			);
			path = DiveBuddyTests;
			sourceTree = "<group>";
		};
		D4B299012C5EBB2D004D32BB /* DiveBuddyUITests */ = {
			isa = PBXGroup;
			children = (
				D4B299022C5EBB2D004D32BB /* DiveBuddyUITests.swift */,
				D4B299042C5EBB2D004D32BB /* DiveBuddyUITestsLaunchTests.swift */,
			);
			path = DiveBuddyUITests;
			sourceTree = "<group>";
		};
		D4CC2E992C6464DD003EDEDE /* NewKit */ = {
			isa = PBXGroup;
			children = (
				D462ADC52C63FDC70054D73A /* NewKitView.swift */,
				D462ADC72C6422CA0054D73A /* NewKitViewModel.swift */,
				D4CC2E952C646142003EDEDE /* GearListCellView.swift */,
				D4CC2E972C6462A7003EDEDE /* GearListCellViewModel.swift */,
				D4CC2EA32C653423003EDEDE /* KitListCellView.swift */,
			);
			path = NewKit;
			sourceTree = "<group>";
		};
		D4CC2E9A2C6464F2003EDEDE /* KitCheckList */ = {
			isa = PBXGroup;
			children = (
				D4CC2E9B2C64659A003EDEDE /* KitCheckListView.swift */,
				D4CC2E9D2C646A44003EDEDE /* KitCheckListViewModel.swift */,
				D4CC2E9F2C646A87003EDEDE /* GearListCellInCheckListView.swift */,
				D4CC2EA12C646B62003EDEDE /* GearListCellInCheckListViewModel.swift */,
			);
			path = KitCheckList;
			sourceTree = "<group>";
		};
/* End PBXGroup section */

/* Begin PBXNativeTarget section */
		D4B298E32C5EBB2C004D32BB /* DiveBuddy */ = {
			isa = PBXNativeTarget;
			buildConfigurationList = D4B299082C5EBB2D004D32BB /* Build configuration list for PBXNativeTarget "DiveBuddy" */;
			buildPhases = (
				D4B298E02C5EBB2C004D32BB /* Sources */,
				D4B298E12C5EBB2C004D32BB /* Frameworks */,
				D4B298E22C5EBB2C004D32BB /* Resources */,
			);
			buildRules = (
			);
			dependencies = (
			);
			name = DiveBuddy;
			packageProductDependencies = (
				D4C41AE52C643B7700E3C83A /* EmojiPicker */,
				D46375112C66E0D900EE45D1 /* FirebaseAnalytics */,
				D46375132C66E0D900EE45D1 /* FirebaseAuth */,
				D46375152C66E0D900EE45D1 /* FirebaseDatabase */,
				D46375172C66E0D900EE45D1 /* FirebaseStorage */,
			);
			productName = DiveBuddy;
			productReference = D4B298E42C5EBB2C004D32BB /* DiveBuddy.app */;
			productType = "com.apple.product-type.application";
		};
		D4B298F32C5EBB2D004D32BB /* DiveBuddyTests */ = {
			isa = PBXNativeTarget;
			buildConfigurationList = D4B2990B2C5EBB2D004D32BB /* Build configuration list for PBXNativeTarget "DiveBuddyTests" */;
			buildPhases = (
				D4B298F02C5EBB2D004D32BB /* Sources */,
				D4B298F12C5EBB2D004D32BB /* Frameworks */,
				D4B298F22C5EBB2D004D32BB /* Resources */,
			);
			buildRules = (
			);
			dependencies = (
				D4B298F62C5EBB2D004D32BB /* PBXTargetDependency */,
			);
			name = DiveBuddyTests;
			productName = DiveBuddyTests;
			productReference = D4B298F42C5EBB2D004D32BB /* DiveBuddyTests.xctest */;
			productType = "com.apple.product-type.bundle.unit-test";
		};
		D4B298FD2C5EBB2D004D32BB /* DiveBuddyUITests */ = {
			isa = PBXNativeTarget;
			buildConfigurationList = D4B2990E2C5EBB2D004D32BB /* Build configuration list for PBXNativeTarget "DiveBuddyUITests" */;
			buildPhases = (
				D4B298FA2C5EBB2D004D32BB /* Sources */,
				D4B298FB2C5EBB2D004D32BB /* Frameworks */,
				D4B298FC2C5EBB2D004D32BB /* Resources */,
			);
			buildRules = (
			);
			dependencies = (
				D4B299002C5EBB2D004D32BB /* PBXTargetDependency */,
			);
			name = DiveBuddyUITests;
			productName = DiveBuddyUITests;
			productReference = D4B298FE2C5EBB2D004D32BB /* DiveBuddyUITests.xctest */;
			productType = "com.apple.product-type.bundle.ui-testing";
		};
/* End PBXNativeTarget section */

/* Begin PBXProject section */
		D4B298DC2C5EBB2C004D32BB /* Project object */ = {
			isa = PBXProject;
			attributes = {
				BuildIndependentTargetsInParallel = 1;
				LastSwiftUpdateCheck = 1540;
				LastUpgradeCheck = 1540;
				TargetAttributes = {
					D4B298E32C5EBB2C004D32BB = {
						CreatedOnToolsVersion = 15.4;
					};
					D4B298F32C5EBB2D004D32BB = {
						CreatedOnToolsVersion = 15.4;
						TestTargetID = D4B298E32C5EBB2C004D32BB;
					};
					D4B298FD2C5EBB2D004D32BB = {
						CreatedOnToolsVersion = 15.4;
						TestTargetID = D4B298E32C5EBB2C004D32BB;
					};
				};
			};
			buildConfigurationList = D4B298DF2C5EBB2C004D32BB /* Build configuration list for PBXProject "DiveBuddy" */;
			compatibilityVersion = "Xcode 14.0";
			developmentRegion = en;
			hasScannedForEncodings = 0;
			knownRegions = (
				en,
				Base,
				ja,
			);
			mainGroup = D4B298DB2C5EBB2C004D32BB;
			packageReferences = (
				D4C41AE42C643B7700E3C83A /* XCRemoteSwiftPackageReference "EmojiPicker" */,
				D46375102C66E0D900EE45D1 /* XCRemoteSwiftPackageReference "firebase-ios-sdk" */,
			);
			productRefGroup = D4B298E52C5EBB2C004D32BB /* Products */;
			projectDirPath = "";
			projectRoot = "";
			targets = (
				D4B298E32C5EBB2C004D32BB /* DiveBuddy */,
				D4B298F32C5EBB2D004D32BB /* DiveBuddyTests */,
				D4B298FD2C5EBB2D004D32BB /* DiveBuddyUITests */,
			);
		};
/* End PBXProject section */

/* Begin PBXResourcesBuildPhase section */
		D4B298E22C5EBB2C004D32BB /* Resources */ = {
			isa = PBXResourcesBuildPhase;
			buildActionMask = 2147483647;
			files = (
				D4B298EF2C5EBB2D004D32BB /* Preview Assets.xcassets in Resources */,
				D463750F2C66DF0000EE45D1 /* GoogleService-Info.plist in Resources */,
				D4B298EC2C5EBB2D004D32BB /* Assets.xcassets in Resources */,
				D40FF4352C62C5F500585691 /* Localizable.xcstrings in Resources */,
			);
			runOnlyForDeploymentPostprocessing = 0;
		};
		D4B298F22C5EBB2D004D32BB /* Resources */ = {
			isa = PBXResourcesBuildPhase;
			buildActionMask = 2147483647;
			files = (
			);
			runOnlyForDeploymentPostprocessing = 0;
		};
		D4B298FC2C5EBB2D004D32BB /* Resources */ = {
			isa = PBXResourcesBuildPhase;
			buildActionMask = 2147483647;
			files = (
			);
			runOnlyForDeploymentPostprocessing = 0;
		};
/* End PBXResourcesBuildPhase section */

/* Begin PBXSourcesBuildPhase section */
		D4B298E02C5EBB2C004D32BB /* Sources */ = {
			isa = PBXSourcesBuildPhase;
			buildActionMask = 2147483647;
			files = (
				D462ADC82C6422CA0054D73A /* NewKitViewModel.swift in Sources */,
				D4CC2EA22C646B62003EDEDE /* GearListCellInCheckListViewModel.swift in Sources */,
				D462ADC62C63FDC70054D73A /* NewKitView.swift in Sources */,
				D4CC2E9C2C64659A003EDEDE /* KitCheckListView.swift in Sources */,
				D462ADC22C63E7CE0054D73A /* SettingsView.swift in Sources */,
				D40FF43D2C62EFA700585691 /* SignupView.swift in Sources */,
				D4CC2EA62C653CD1003EDEDE /* GearDetailView.swift in Sources */,
				D40FF4372C62CBF800585691 /* LoginView.swift in Sources */,
				D463751A2C66E17300EE45D1 /* AppDelegate.swift in Sources */,
				D40FF43B2C62EE2700585691 /* WelcomeViewModel.swift in Sources */,
				D407278D2C62AA9B0038C5B0 /* Font+.swift in Sources */,
				D4CC2EAC2C6548A9003EDEDE /* GearDetailViewModel.swift in Sources */,
				D462ADBD2C63E7A40054D73A /* KitsView.swift in Sources */,
				D40FF4392C62CECE00585691 /* RoundedTextFieldStyle.swift in Sources */,
				D4CC2EA82C653E4D003EDEDE /* GearListCellInGearsView.swift in Sources */,
				D462ADB62C63E5660054D73A /* SignupViewModel.swift in Sources */,
				D40727902C62AEFD0038C5B0 /* RoundedButtonStyle.swift in Sources */,
				D4B298EA2C5EBB2C004D32BB /* WelcomeView.swift in Sources */,
				D462ADBF2C63E7B80054D73A /* GearsView.swift in Sources */,
				D463750D2C66DD6F00EE45D1 /* SettingsViewModel.swift in Sources */,
				D4CC2EA02C646A87003EDEDE /* GearListCellInCheckListView.swift in Sources */,
				D4CC2E962C646142003EDEDE /* GearListCellView.swift in Sources */,
				D4CC2EA42C653423003EDEDE /* KitListCellView.swift in Sources */,
				D40727932C62AFBA0038C5B0 /* View+.swift in Sources */,
				D46375062C66921500EE45D1 /* MaintenanceHistoryDetailViewModel.swift in Sources */,
				D4CC2E9E2C646A44003EDEDE /* KitCheckListViewModel.swift in Sources */,
				D40FF43F2C62EFE400585691 /* LoginViewModel.swift in Sources */,
				D462ADBA2C63E7380054D73A /* TabBarView.swift in Sources */,
				D46375042C66904800EE45D1 /* MaintenanceHistoryDetailView.swift in Sources */,
				D4CC2E982C6462A7003EDEDE /* GearListCellViewModel.swift in Sources */,
				D4B298E82C5EBB2C004D32BB /* DiveBuddyApp.swift in Sources */,
				D462ADC42C63EFAD0054D73A /* RoundedCardButtonStyle.swift in Sources */,
			);
			runOnlyForDeploymentPostprocessing = 0;
		};
		D4B298F02C5EBB2D004D32BB /* Sources */ = {
			isa = PBXSourcesBuildPhase;
			buildActionMask = 2147483647;
			files = (
				D4B298F92C5EBB2D004D32BB /* DiveBuddyTests.swift in Sources */,
			);
			runOnlyForDeploymentPostprocessing = 0;
		};
		D4B298FA2C5EBB2D004D32BB /* Sources */ = {
			isa = PBXSourcesBuildPhase;
			buildActionMask = 2147483647;
			files = (
				D4B299032C5EBB2D004D32BB /* DiveBuddyUITests.swift in Sources */,
				D4B299052C5EBB2D004D32BB /* DiveBuddyUITestsLaunchTests.swift in Sources */,
			);
			runOnlyForDeploymentPostprocessing = 0;
		};
/* End PBXSourcesBuildPhase section */

/* Begin PBXTargetDependency section */
		D4B298F62C5EBB2D004D32BB /* PBXTargetDependency */ = {
			isa = PBXTargetDependency;
			target = D4B298E32C5EBB2C004D32BB /* DiveBuddy */;
			targetProxy = D4B298F52C5EBB2D004D32BB /* PBXContainerItemProxy */;
		};
		D4B299002C5EBB2D004D32BB /* PBXTargetDependency */ = {
			isa = PBXTargetDependency;
			target = D4B298E32C5EBB2C004D32BB /* DiveBuddy */;
			targetProxy = D4B298FF2C5EBB2D004D32BB /* PBXContainerItemProxy */;
		};
/* End PBXTargetDependency section */

/* Begin XCBuildConfiguration section */
		D4B299062C5EBB2D004D32BB /* Debug */ = {
			isa = XCBuildConfiguration;
			buildSettings = {
				ALWAYS_SEARCH_USER_PATHS = NO;
				ASSETCATALOG_COMPILER_GENERATE_SWIFT_ASSET_SYMBOL_EXTENSIONS = YES;
				CLANG_ANALYZER_NONNULL = YES;
				CLANG_ANALYZER_NUMBER_OBJECT_CONVERSION = YES_AGGRESSIVE;
				CLANG_CXX_LANGUAGE_STANDARD = "gnu++20";
				CLANG_ENABLE_MODULES = YES;
				CLANG_ENABLE_OBJC_ARC = YES;
				CLANG_ENABLE_OBJC_WEAK = YES;
				CLANG_WARN_BLOCK_CAPTURE_AUTORELEASING = YES;
				CLANG_WARN_BOOL_CONVERSION = YES;
				CLANG_WARN_COMMA = YES;
				CLANG_WARN_CONSTANT_CONVERSION = YES;
				CLANG_WARN_DEPRECATED_OBJC_IMPLEMENTATIONS = YES;
				CLANG_WARN_DIRECT_OBJC_ISA_USAGE = YES_ERROR;
				CLANG_WARN_DOCUMENTATION_COMMENTS = YES;
				CLANG_WARN_EMPTY_BODY = YES;
				CLANG_WARN_ENUM_CONVERSION = YES;
				CLANG_WARN_INFINITE_RECURSION = YES;
				CLANG_WARN_INT_CONVERSION = YES;
				CLANG_WARN_NON_LITERAL_NULL_CONVERSION = YES;
				CLANG_WARN_OBJC_IMPLICIT_RETAIN_SELF = YES;
				CLANG_WARN_OBJC_LITERAL_CONVERSION = YES;
				CLANG_WARN_OBJC_ROOT_CLASS = YES_ERROR;
				CLANG_WARN_QUOTED_INCLUDE_IN_FRAMEWORK_HEADER = YES;
				CLANG_WARN_RANGE_LOOP_ANALYSIS = YES;
				CLANG_WARN_STRICT_PROTOTYPES = YES;
				CLANG_WARN_SUSPICIOUS_MOVE = YES;
				CLANG_WARN_UNGUARDED_AVAILABILITY = YES_AGGRESSIVE;
				CLANG_WARN_UNREACHABLE_CODE = YES;
				CLANG_WARN__DUPLICATE_METHOD_MATCH = YES;
				COPY_PHASE_STRIP = NO;
				DEBUG_INFORMATION_FORMAT = dwarf;
				ENABLE_STRICT_OBJC_MSGSEND = YES;
				ENABLE_TESTABILITY = YES;
				ENABLE_USER_SCRIPT_SANDBOXING = YES;
				GCC_C_LANGUAGE_STANDARD = gnu17;
				GCC_DYNAMIC_NO_PIC = NO;
				GCC_NO_COMMON_BLOCKS = YES;
				GCC_OPTIMIZATION_LEVEL = 0;
				GCC_PREPROCESSOR_DEFINITIONS = (
					"DEBUG=1",
					"$(inherited)",
				);
				GCC_WARN_64_TO_32_BIT_CONVERSION = YES;
				GCC_WARN_ABOUT_RETURN_TYPE = YES_ERROR;
				GCC_WARN_UNDECLARED_SELECTOR = YES;
				GCC_WARN_UNINITIALIZED_AUTOS = YES_AGGRESSIVE;
				GCC_WARN_UNUSED_FUNCTION = YES;
				GCC_WARN_UNUSED_VARIABLE = YES;
				IPHONEOS_DEPLOYMENT_TARGET = 17.5;
				LOCALIZATION_PREFERS_STRING_CATALOGS = YES;
				MTL_ENABLE_DEBUG_INFO = INCLUDE_SOURCE;
				MTL_FAST_MATH = YES;
				ONLY_ACTIVE_ARCH = YES;
				SDKROOT = iphoneos;
				SWIFT_ACTIVE_COMPILATION_CONDITIONS = "DEBUG $(inherited)";
				SWIFT_OPTIMIZATION_LEVEL = "-Onone";
			};
			name = Debug;
		};
		D4B299072C5EBB2D004D32BB /* Release */ = {
			isa = XCBuildConfiguration;
			buildSettings = {
				ALWAYS_SEARCH_USER_PATHS = NO;
				ASSETCATALOG_COMPILER_GENERATE_SWIFT_ASSET_SYMBOL_EXTENSIONS = YES;
				CLANG_ANALYZER_NONNULL = YES;
				CLANG_ANALYZER_NUMBER_OBJECT_CONVERSION = YES_AGGRESSIVE;
				CLANG_CXX_LANGUAGE_STANDARD = "gnu++20";
				CLANG_ENABLE_MODULES = YES;
				CLANG_ENABLE_OBJC_ARC = YES;
				CLANG_ENABLE_OBJC_WEAK = YES;
				CLANG_WARN_BLOCK_CAPTURE_AUTORELEASING = YES;
				CLANG_WARN_BOOL_CONVERSION = YES;
				CLANG_WARN_COMMA = YES;
				CLANG_WARN_CONSTANT_CONVERSION = YES;
				CLANG_WARN_DEPRECATED_OBJC_IMPLEMENTATIONS = YES;
				CLANG_WARN_DIRECT_OBJC_ISA_USAGE = YES_ERROR;
				CLANG_WARN_DOCUMENTATION_COMMENTS = YES;
				CLANG_WARN_EMPTY_BODY = YES;
				CLANG_WARN_ENUM_CONVERSION = YES;
				CLANG_WARN_INFINITE_RECURSION = YES;
				CLANG_WARN_INT_CONVERSION = YES;
				CLANG_WARN_NON_LITERAL_NULL_CONVERSION = YES;
				CLANG_WARN_OBJC_IMPLICIT_RETAIN_SELF = YES;
				CLANG_WARN_OBJC_LITERAL_CONVERSION = YES;
				CLANG_WARN_OBJC_ROOT_CLASS = YES_ERROR;
				CLANG_WARN_QUOTED_INCLUDE_IN_FRAMEWORK_HEADER = YES;
				CLANG_WARN_RANGE_LOOP_ANALYSIS = YES;
				CLANG_WARN_STRICT_PROTOTYPES = YES;
				CLANG_WARN_SUSPICIOUS_MOVE = YES;
				CLANG_WARN_UNGUARDED_AVAILABILITY = YES_AGGRESSIVE;
				CLANG_WARN_UNREACHABLE_CODE = YES;
				CLANG_WARN__DUPLICATE_METHOD_MATCH = YES;
				COPY_PHASE_STRIP = NO;
				DEBUG_INFORMATION_FORMAT = "dwarf-with-dsym";
				ENABLE_NS_ASSERTIONS = NO;
				ENABLE_STRICT_OBJC_MSGSEND = YES;
				ENABLE_USER_SCRIPT_SANDBOXING = YES;
				GCC_C_LANGUAGE_STANDARD = gnu17;
				GCC_NO_COMMON_BLOCKS = YES;
				GCC_WARN_64_TO_32_BIT_CONVERSION = YES;
				GCC_WARN_ABOUT_RETURN_TYPE = YES_ERROR;
				GCC_WARN_UNDECLARED_SELECTOR = YES;
				GCC_WARN_UNINITIALIZED_AUTOS = YES_AGGRESSIVE;
				GCC_WARN_UNUSED_FUNCTION = YES;
				GCC_WARN_UNUSED_VARIABLE = YES;
				IPHONEOS_DEPLOYMENT_TARGET = 17.5;
				LOCALIZATION_PREFERS_STRING_CATALOGS = YES;
				MTL_ENABLE_DEBUG_INFO = NO;
				MTL_FAST_MATH = YES;
				SDKROOT = iphoneos;
				SWIFT_COMPILATION_MODE = wholemodule;
				VALIDATE_PRODUCT = YES;
			};
			name = Release;
		};
		D4B299092C5EBB2D004D32BB /* Debug */ = {
			isa = XCBuildConfiguration;
			buildSettings = {
				ASSETCATALOG_COMPILER_APPICON_NAME = AppIcon;
				ASSETCATALOG_COMPILER_GLOBAL_ACCENT_COLOR_NAME = AccentColor;
				CODE_SIGN_STYLE = Automatic;
				CURRENT_PROJECT_VERSION = 1;
				DEVELOPMENT_ASSET_PATHS = "\"DiveBuddy/Preview Content\"";
				DEVELOPMENT_TEAM = 95L82PNXV3;
				ENABLE_PREVIEWS = YES;
				GENERATE_INFOPLIST_FILE = YES;
				INFOPLIST_FILE = DiveBuddy/Info.plist;
				INFOPLIST_KEY_UIApplicationSceneManifest_Generation = YES;
				INFOPLIST_KEY_UIApplicationSupportsIndirectInputEvents = YES;
				INFOPLIST_KEY_UISupportedInterfaceOrientations = UIInterfaceOrientationPortrait;
				INFOPLIST_KEY_UISupportedInterfaceOrientations_iPad = "UIInterfaceOrientationLandscapeLeft UIInterfaceOrientationLandscapeRight UIInterfaceOrientationPortrait UIInterfaceOrientationPortraitUpsideDown";
				LD_RUNPATH_SEARCH_PATHS = (
					"$(inherited)",
					"@executable_path/Frameworks",
				);
				MARKETING_VERSION = 1.0;
				PRODUCT_BUNDLE_IDENTIFIER = com.kamimi.DiveBuddy;
				PRODUCT_NAME = "$(TARGET_NAME)";
				SUPPORTED_PLATFORMS = "iphoneos iphonesimulator";
				SUPPORTS_MACCATALYST = NO;
				SUPPORTS_MAC_DESIGNED_FOR_IPHONE_IPAD = NO;
				SUPPORTS_XR_DESIGNED_FOR_IPHONE_IPAD = NO;
				SWIFT_EMIT_LOC_STRINGS = YES;
				SWIFT_VERSION = 5.0;
				TARGETED_DEVICE_FAMILY = 1;
			};
			name = Debug;
		};
		D4B2990A2C5EBB2D004D32BB /* Release */ = {
			isa = XCBuildConfiguration;
			buildSettings = {
				ASSETCATALOG_COMPILER_APPICON_NAME = AppIcon;
				ASSETCATALOG_COMPILER_GLOBAL_ACCENT_COLOR_NAME = AccentColor;
				CODE_SIGN_STYLE = Automatic;
				CURRENT_PROJECT_VERSION = 1;
				DEVELOPMENT_ASSET_PATHS = "\"DiveBuddy/Preview Content\"";
				DEVELOPMENT_TEAM = 95L82PNXV3;
				ENABLE_PREVIEWS = YES;
				GENERATE_INFOPLIST_FILE = YES;
				INFOPLIST_FILE = DiveBuddy/Info.plist;
				INFOPLIST_KEY_UIApplicationSceneManifest_Generation = YES;
				INFOPLIST_KEY_UIApplicationSupportsIndirectInputEvents = YES;
				INFOPLIST_KEY_UISupportedInterfaceOrientations = UIInterfaceOrientationPortrait;
				INFOPLIST_KEY_UISupportedInterfaceOrientations_iPad = "UIInterfaceOrientationLandscapeLeft UIInterfaceOrientationLandscapeRight UIInterfaceOrientationPortrait UIInterfaceOrientationPortraitUpsideDown";
				LD_RUNPATH_SEARCH_PATHS = (
					"$(inherited)",
					"@executable_path/Frameworks",
				);
				MARKETING_VERSION = 1.0;
				PRODUCT_BUNDLE_IDENTIFIER = com.kamimi.DiveBuddy;
				PRODUCT_NAME = "$(TARGET_NAME)";
				SUPPORTED_PLATFORMS = "iphoneos iphonesimulator";
				SUPPORTS_MACCATALYST = NO;
				SUPPORTS_MAC_DESIGNED_FOR_IPHONE_IPAD = NO;
				SUPPORTS_XR_DESIGNED_FOR_IPHONE_IPAD = NO;
				SWIFT_EMIT_LOC_STRINGS = YES;
				SWIFT_VERSION = 5.0;
				TARGETED_DEVICE_FAMILY = 1;
			};
			name = Release;
		};
		D4B2990C2C5EBB2D004D32BB /* Debug */ = {
			isa = XCBuildConfiguration;
			buildSettings = {
				ALWAYS_EMBED_SWIFT_STANDARD_LIBRARIES = YES;
				BUNDLE_LOADER = "$(TEST_HOST)";
				CODE_SIGN_STYLE = Automatic;
				CURRENT_PROJECT_VERSION = 1;
				DEVELOPMENT_TEAM = 95L82PNXV3;
				GENERATE_INFOPLIST_FILE = YES;
				IPHONEOS_DEPLOYMENT_TARGET = 17.5;
				MARKETING_VERSION = 1.0;
				PRODUCT_BUNDLE_IDENTIFIER = com.kamimi.DiveBuddyTests;
				PRODUCT_NAME = "$(TARGET_NAME)";
				SWIFT_EMIT_LOC_STRINGS = NO;
				SWIFT_VERSION = 5.0;
				TARGETED_DEVICE_FAMILY = "1,2";
				TEST_HOST = "$(BUILT_PRODUCTS_DIR)/DiveBuddy.app/$(BUNDLE_EXECUTABLE_FOLDER_PATH)/DiveBuddy";
			};
			name = Debug;
		};
		D4B2990D2C5EBB2D004D32BB /* Release */ = {
			isa = XCBuildConfiguration;
			buildSettings = {
				ALWAYS_EMBED_SWIFT_STANDARD_LIBRARIES = YES;
				BUNDLE_LOADER = "$(TEST_HOST)";
				CODE_SIGN_STYLE = Automatic;
				CURRENT_PROJECT_VERSION = 1;
				DEVELOPMENT_TEAM = 95L82PNXV3;
				GENERATE_INFOPLIST_FILE = YES;
				IPHONEOS_DEPLOYMENT_TARGET = 17.5;
				MARKETING_VERSION = 1.0;
				PRODUCT_BUNDLE_IDENTIFIER = com.kamimi.DiveBuddyTests;
				PRODUCT_NAME = "$(TARGET_NAME)";
				SWIFT_EMIT_LOC_STRINGS = NO;
				SWIFT_VERSION = 5.0;
				TARGETED_DEVICE_FAMILY = "1,2";
				TEST_HOST = "$(BUILT_PRODUCTS_DIR)/DiveBuddy.app/$(BUNDLE_EXECUTABLE_FOLDER_PATH)/DiveBuddy";
			};
			name = Release;
		};
		D4B2990F2C5EBB2D004D32BB /* Debug */ = {
			isa = XCBuildConfiguration;
			buildSettings = {
				ALWAYS_EMBED_SWIFT_STANDARD_LIBRARIES = YES;
				CODE_SIGN_STYLE = Automatic;
				CURRENT_PROJECT_VERSION = 1;
				DEVELOPMENT_TEAM = 95L82PNXV3;
				GENERATE_INFOPLIST_FILE = YES;
				MARKETING_VERSION = 1.0;
				PRODUCT_BUNDLE_IDENTIFIER = com.kamimi.DiveBuddyUITests;
				PRODUCT_NAME = "$(TARGET_NAME)";
				SWIFT_EMIT_LOC_STRINGS = NO;
				SWIFT_VERSION = 5.0;
				TARGETED_DEVICE_FAMILY = "1,2";
				TEST_TARGET_NAME = DiveBuddy;
			};
			name = Debug;
		};
		D4B299102C5EBB2D004D32BB /* Release */ = {
			isa = XCBuildConfiguration;
			buildSettings = {
				ALWAYS_EMBED_SWIFT_STANDARD_LIBRARIES = YES;
				CODE_SIGN_STYLE = Automatic;
				CURRENT_PROJECT_VERSION = 1;
				DEVELOPMENT_TEAM = 95L82PNXV3;
				GENERATE_INFOPLIST_FILE = YES;
				MARKETING_VERSION = 1.0;
				PRODUCT_BUNDLE_IDENTIFIER = com.kamimi.DiveBuddyUITests;
				PRODUCT_NAME = "$(TARGET_NAME)";
				SWIFT_EMIT_LOC_STRINGS = NO;
				SWIFT_VERSION = 5.0;
				TARGETED_DEVICE_FAMILY = "1,2";
				TEST_TARGET_NAME = DiveBuddy;
			};
			name = Release;
		};
/* End XCBuildConfiguration section */

/* Begin XCConfigurationList section */
		D4B298DF2C5EBB2C004D32BB /* Build configuration list for PBXProject "DiveBuddy" */ = {
			isa = XCConfigurationList;
			buildConfigurations = (
				D4B299062C5EBB2D004D32BB /* Debug */,
				D4B299072C5EBB2D004D32BB /* Release */,
			);
			defaultConfigurationIsVisible = 0;
			defaultConfigurationName = Release;
		};
		D4B299082C5EBB2D004D32BB /* Build configuration list for PBXNativeTarget "DiveBuddy" */ = {
			isa = XCConfigurationList;
			buildConfigurations = (
				D4B299092C5EBB2D004D32BB /* Debug */,
				D4B2990A2C5EBB2D004D32BB /* Release */,
			);
			defaultConfigurationIsVisible = 0;
			defaultConfigurationName = Release;
		};
		D4B2990B2C5EBB2D004D32BB /* Build configuration list for PBXNativeTarget "DiveBuddyTests" */ = {
			isa = XCConfigurationList;
			buildConfigurations = (
				D4B2990C2C5EBB2D004D32BB /* Debug */,
				D4B2990D2C5EBB2D004D32BB /* Release */,
			);
			defaultConfigurationIsVisible = 0;
			defaultConfigurationName = Release;
		};
		D4B2990E2C5EBB2D004D32BB /* Build configuration list for PBXNativeTarget "DiveBuddyUITests" */ = {
			isa = XCConfigurationList;
			buildConfigurations = (
				D4B2990F2C5EBB2D004D32BB /* Debug */,
				D4B299102C5EBB2D004D32BB /* Release */,
			);
			defaultConfigurationIsVisible = 0;
			defaultConfigurationName = Release;
		};
/* End XCConfigurationList section */

/* Begin XCRemoteSwiftPackageReference section */
		D46375102C66E0D900EE45D1 /* XCRemoteSwiftPackageReference "firebase-ios-sdk" */ = {
			isa = XCRemoteSwiftPackageReference;
			repositoryURL = "https://github.com/firebase/firebase-ios-sdk";
			requirement = {
				kind = upToNextMinorVersion;
				minimumVersion = 11.0.0;
			};
		};
		D4C41AE42C643B7700E3C83A /* XCRemoteSwiftPackageReference "EmojiPicker" */ = {
			isa = XCRemoteSwiftPackageReference;
			repositoryURL = "https://github.com/Kelvas09/EmojiPicker.git";
			requirement = {
				kind = upToNextMinorVersion;
				minimumVersion = 1.0.1;
			};
		};
/* End XCRemoteSwiftPackageReference section */

/* Begin XCSwiftPackageProductDependency section */
		D46375112C66E0D900EE45D1 /* FirebaseAnalytics */ = {
			isa = XCSwiftPackageProductDependency;
			package = D46375102C66E0D900EE45D1 /* XCRemoteSwiftPackageReference "firebase-ios-sdk" */;
			productName = FirebaseAnalytics;
		};
		D46375132C66E0D900EE45D1 /* FirebaseAuth */ = {
			isa = XCSwiftPackageProductDependency;
			package = D46375102C66E0D900EE45D1 /* XCRemoteSwiftPackageReference "firebase-ios-sdk" */;
			productName = FirebaseAuth;
		};
		D46375152C66E0D900EE45D1 /* FirebaseDatabase */ = {
			isa = XCSwiftPackageProductDependency;
			package = D46375102C66E0D900EE45D1 /* XCRemoteSwiftPackageReference "firebase-ios-sdk" */;
			productName = FirebaseDatabase;
		};
		D46375172C66E0D900EE45D1 /* FirebaseStorage */ = {
			isa = XCSwiftPackageProductDependency;
			package = D46375102C66E0D900EE45D1 /* XCRemoteSwiftPackageReference "firebase-ios-sdk" */;
			productName = FirebaseStorage;
		};
		D4C41AE52C643B7700E3C83A /* EmojiPicker */ = {
			isa = XCSwiftPackageProductDependency;
			package = D4C41AE42C643B7700E3C83A /* XCRemoteSwiftPackageReference "EmojiPicker" */;
			productName = EmojiPicker;
		};
/* End XCSwiftPackageProductDependency section */
	};
	rootObject = D4B298DC2C5EBB2C004D32BB /* Project object */;
}
